Microsoft Visual Studio Solution File, Format Version 12.00
# Visual Studio Version 17
VisualStudioVersion = 17.5.2.0
MinimumVisualStudioVersion = 10.0.40219.1
Project("{FAE04EC0-301F-11D3-BF4B-00C04F79EFBC}") = "CsrfLab.Api", "CsrfLab.Api.csproj", "{61C75FD3-C5D7-C14E-D614-3EAB77425BDA}"
EndProject
Global
	GlobalSection(SolutionConfigurationPlatforms) = preSolution
		Debug|Any CPU = Debug|Any CPU
		Release|Any CPU = Release|Any CPU
	EndGlobalSection
	GlobalSection(ProjectConfigurationPlatforms) = postSolution
		{61C75FD3-C5D7-C14E-D614-3EAB77425BDA}.Debug|Any CPU.ActiveCfg = Debug|Any CPU
		{61C75FD3-C5D7-C14E-D614-3EAB77425BDA}.Debug|Any CPU.Build.0 = Debug|Any CPU
		{61C75FD3-C5D7-C14E-D614-3EAB77425BDA}.Release|Any CPU.ActiveCfg = Release|Any CPU
		{61C75FD3-C5D7-C14E-D614-3EAB77425BDA}.Release|Any CPU.Build.0 = Release|Any CPU
	EndGlobalSection
	GlobalSection(SolutionProperties) = preSolution
		HideSolutionNode = FALSE
	EndGlobalSection
	GlobalSection(ExtensibilityGlobals) = postSolution
		SolutionGuid = {CD9BF981-97BC-4AC2-A905-111B767B4C10}
	EndGlobalSection
EndGlobal
